# This lock file was generated by conda-lock (https://github.com/conda/conda-lock). DO NOT EDIT!
#
# A "lock file" contains a concrete list of package versions (with checksums) to be installed. Unlike
# e.g. `conda env create`, the resulting environment will not change as new package versions become
# available, unless you explicitly update the lock file.
#
# Install this environment as "YOURENV" with:
#     conda-lock install -n YOURENV conda-lock.yml
# To update a single package to the latest version compatible with the version constraints in the source:
#     conda-lock lock  --lockfile conda-lock.yml --update PACKAGE
# To re-solve the entire environment, e.g. after changing a version constraint in the source file:
#     conda-lock -f ingestion.conda-env.yaml --lockfile conda-lock.yml
version: 1
metadata:
  content_hash:
    linux-64: 3e3fc32d3c7f73f91cf05b369a71eaa347576ce433e1041852a8d4410128d592
  channels:
  - url: conda-forge
    used_env_vars: []
  platforms:
  - linux-64
  sources:
  - ingestion.conda-env.yaml
package:
- name: _libgcc_mutex
  version: '0.1'
  manager: conda
  platform: linux-64
  dependencies: {}
  url: https://conda.anaconda.org/conda-forge/linux-64/_libgcc_mutex-0.1-conda_forge.tar.bz2
  hash:
    md5: d7c89558ba9fa0495403155b64376d81
    sha256: fe51de6107f9edc7aa4f786a70f4a883943bc9d39b3bb7307c04c41410990726
  category: main
  optional: false
- name: _openmp_mutex
  version: '4.5'
  manager: conda
  platform: linux-64
  dependencies:
    _libgcc_mutex: '0.1'
    libgomp: '>=7.5.0'
  url: https://conda.anaconda.org/conda-forge/linux-64/_openmp_mutex-4.5-2_gnu.tar.bz2
  hash:
    md5: 73aaf86a425cc6e73fcf236a5a46396d
    sha256: fbe2c5e56a653bebb982eda4876a9178aedfc2b545f25d0ce9c4c0b508253d22
  category: main
  optional: false
- name: boto3
  version: 1.34.150
  manager: conda
  platform: linux-64
  dependencies:
    botocore: '>=1.34.150,<1.35.0'
    jmespath: '>=0.7.1,<2.0.0'
    python: '>=3.8'
    s3transfer: '>=0.10.0,<0.11.0'
  url: https://conda.anaconda.org/conda-forge/noarch/boto3-1.34.150-pyhd8ed1ab_0.conda
  hash:
    md5: 9b8c034cc799de8af795a5f308782cfc
    sha256: 6c5593e363be8d939b57b348d431c6fe18d32760a85cecb6f18527d345b9d8e8
  category: main
  optional: false
- name: botocore
  version: 1.34.156
  manager: conda
  platform: linux-64
  dependencies:
    jmespath: '>=0.7.1,<2.0.0'
    python: '>=3.8'
    python-dateutil: '>=2.1,<3.0.0'
    urllib3: '>=1.25.4,<1.27'
  url: https://conda.anaconda.org/conda-forge/noarch/botocore-1.34.156-pyge38_1234567_0.conda
  hash:
    md5: 40cec1119aeda681c8edaaa3985bff9b
    sha256: 37d29782dddc43543ff50fc2a59d55e949306dadaf307997bcba0432343206a7
  category: main
  optional: false
- name: brotli-python
  version: 1.1.0
  manager: conda
  platform: linux-64
  dependencies:
    libgcc-ng: '>=12'
    libstdcxx-ng: '>=12'
    python: '>=3.11,<3.12.0a0'
    python_abi: 3.11.*
  url: https://conda.anaconda.org/conda-forge/linux-64/brotli-python-1.1.0-py311hb755f60_1.conda
  hash:
    md5: cce9e7c3f1c307f2a5fb08a2922d6164
    sha256: 559093679e9fdb6061b7b80ca0f9a31fe6ffc213f1dae65bc5c82e2cd1a94107
  category: main
  optional: false
- name: bzip2
  version: 1.0.8
  manager: conda
  platform: linux-64
  dependencies:
    __glibc: '>=2.17,<3.0.a0'
    libgcc-ng: '>=12'
  url: https://conda.anaconda.org/conda-forge/linux-64/bzip2-1.0.8-h4bc722e_7.conda
  hash:
    md5: 62ee74e96c5ebb0af99386de58cf9553
    sha256: 5ced96500d945fb286c9c838e54fa759aa04a7129c59800f0846b4335cee770d
  category: main
  optional: false
- name: ca-certificates
  version: 2024.7.4
  manager: conda
  platform: linux-64
  dependencies: {}
  url: https://conda.anaconda.org/conda-forge/linux-64/ca-certificates-2024.7.4-hbcca054_0.conda
  hash:
    md5: 23ab7665c5f63cfb9f1f6195256daac6
    sha256: c1548a3235376f464f9931850b64b02492f379b2f2bb98bc786055329b080446
  category: main
  optional: false
- name: certifi
  version: 2024.7.4
  manager: conda
  platform: linux-64
  dependencies:
    python: '>=3.7'
  url: https://conda.anaconda.org/conda-forge/noarch/certifi-2024.7.4-pyhd8ed1ab_0.conda
  hash:
    md5: 24e7fd6ca65997938fff9e5ab6f653e4
    sha256: dd3577bb5275062c388c46b075dcb795f47f8dac561da7dd35fe504b936934e5
  category: main
  optional: false
- name: charset-normalizer
  version: 2.0.12
  manager: conda
  platform: linux-64
  dependencies:
    python: '>=3.6'
  url: https://conda.anaconda.org/conda-forge/noarch/charset-normalizer-2.0.12-pyhd8ed1ab_0.tar.bz2
  hash:
    md5: 1f5b32dabae0f1893ae3283dac7f799e
    sha256: 30484cbce01cd7c0e660e4549c95a417c09aa98f6270616adc2530dccf16fb96
  category: main
  optional: false
- name: idna
  version: '3.7'
  manager: conda
  platform: linux-64
  dependencies:
    python: '>=3.6'
  url: https://conda.anaconda.org/conda-forge/noarch/idna-3.7-pyhd8ed1ab_0.conda
  hash:
    md5: c0cc1420498b17414d8617d0b9f506ca
    sha256: 9687ee909ed46169395d4f99a0ee94b80a52f87bed69cd454bb6d37ffeb0ec7b
  category: main
  optional: false
- name: jmespath
  version: 1.0.1
  manager: conda
  platform: linux-64
  dependencies:
    python: '>=3.7'
  url: https://conda.anaconda.org/conda-forge/noarch/jmespath-1.0.1-pyhd8ed1ab_0.tar.bz2
  hash:
    md5: 2cfa3e1cf3fb51bb9b17acc5b5e9ea11
    sha256: 95ac5f9ee95fd4e34dc051746fc86016d3d4f6abefed113e2ede049d59ec2991
  category: main
  optional: false
- name: ld_impl_linux-64
  version: '2.40'
  manager: conda
  platform: linux-64
  dependencies: {}
  url: https://conda.anaconda.org/conda-forge/linux-64/ld_impl_linux-64-2.40-hf3520f5_7.conda
  hash:
    md5: b80f2f396ca2c28b8c14c437a4ed1e74
    sha256: 764b6950aceaaad0c67ef925417594dd14cd2e22fff864aeef455ac259263d15
  category: main
  optional: false
- name: libexpat
  version: 2.6.2
  manager: conda
  platform: linux-64
  dependencies:
    libgcc-ng: '>=12'
  url: https://conda.anaconda.org/conda-forge/linux-64/libexpat-2.6.2-h59595ed_0.conda
  hash:
    md5: e7ba12deb7020dd080c6c70e7b6f6a3d
    sha256: 331bb7c7c05025343ebd79f86ae612b9e1e74d2687b8f3179faec234f986ce19
  category: main
  optional: false
- name: libffi
  version: 3.4.2
  manager: conda
  platform: linux-64
  dependencies:
    libgcc-ng: '>=9.4.0'
  url: https://conda.anaconda.org/conda-forge/linux-64/libffi-3.4.2-h7f98852_5.tar.bz2
  hash:
    md5: d645c6d2ac96843a2bfaccd2d62b3ac3
    sha256: ab6e9856c21709b7b517e940ae7028ae0737546122f83c2aa5d692860c3b149e
  category: main
  optional: false
- name: libgcc-ng
  version: 14.1.0
  manager: conda
  platform: linux-64
  dependencies:
    _libgcc_mutex: '0.1'
    _openmp_mutex: '>=4.5'
  url: https://conda.anaconda.org/conda-forge/linux-64/libgcc-ng-14.1.0-h77fa898_0.conda
  hash:
    md5: ca0fad6a41ddaef54a153b78eccb5037
    sha256: b8e869ac96591cda2704bf7e77a301025e405227791a0bddf14a3dac65125538
  category: main
  optional: false
- name: libgomp
  version: 14.1.0
  manager: conda
  platform: linux-64
  dependencies:
    _libgcc_mutex: '0.1'
  url: https://conda.anaconda.org/conda-forge/linux-64/libgomp-14.1.0-h77fa898_0.conda
  hash:
    md5: ae061a5ed5f05818acdf9adab72c146d
    sha256: 7699df61a1f6c644b3576a40f54791561f2845983120477a16116b951c9cdb05
  category: main
  optional: false
- name: libnsl
  version: 2.0.1
  manager: conda
  platform: linux-64
  dependencies:
    libgcc-ng: '>=12'
  url: https://conda.anaconda.org/conda-forge/linux-64/libnsl-2.0.1-hd590300_0.conda
  hash:
    md5: 30fd6e37fe21f86f4bd26d6ee73eeec7
    sha256: 26d77a3bb4dceeedc2a41bd688564fe71bf2d149fdcf117049970bc02ff1add6
  category: main
  optional: false
- name: libsqlite
  version: 3.46.0
  manager: conda
  platform: linux-64
  dependencies:
    libgcc-ng: '>=12'
    libzlib: '>=1.2.13,<2.0a0'
  url: https://conda.anaconda.org/conda-forge/linux-64/libsqlite-3.46.0-hde9e2c9_0.conda
  hash:
    md5: 18aa975d2094c34aef978060ae7da7d8
    sha256: daee3f68786231dad457d0dfde3f7f1f9a7f2018adabdbb864226775101341a8
  category: main
  optional: false
- name: libstdcxx-ng
  version: 14.1.0
  manager: conda
  platform: linux-64
  dependencies:
    libgcc-ng: 14.1.0
  url: https://conda.anaconda.org/conda-forge/linux-64/libstdcxx-ng-14.1.0-hc0a3c3a_0.conda
  hash:
    md5: 1cb187a157136398ddbaae90713e2498
    sha256: 88c42b388202ffe16adaa337e36cf5022c63cf09b0405cf06fc6aeacccbe6146
  category: main
  optional: false
- name: libuuid
  version: 2.38.1
  manager: conda
  platform: linux-64
  dependencies:
    libgcc-ng: '>=12'
  url: https://conda.anaconda.org/conda-forge/linux-64/libuuid-2.38.1-h0b41bf4_0.conda
  hash:
    md5: 40b61aab5c7ba9ff276c41cfffe6b80b
    sha256: 787eb542f055a2b3de553614b25f09eefb0a0931b0c87dbcce6efdfd92f04f18
  category: main
  optional: false
- name: libzlib
  version: 1.3.1
  manager: conda
  platform: linux-64
  dependencies:
    libgcc-ng: '>=12'
  url: https://conda.anaconda.org/conda-forge/linux-64/libzlib-1.3.1-h4ab18f5_1.conda
  hash:
    md5: 57d7dc60e9325e3de37ff8dffd18e814
    sha256: adf6096f98b537a11ae3729eaa642b0811478f0ea0402ca67b5108fe2cb0010d
  category: main
  optional: false
- name: msgspec
  version: 0.18.6
  manager: conda
  platform: linux-64
  dependencies:
    libgcc-ng: '>=12'
    python: '>=3.11,<3.12.0a0'
    python_abi: 3.11.*
  url: https://conda.anaconda.org/conda-forge/linux-64/msgspec-0.18.6-py311h459d7ec_0.conda
  hash:
    md5: 897d44fe0dedc9f95f7920a84d4d8a99
    sha256: 10f9e2d885403ac9ac3709a2c539c6b0dcfcc8bf241a359d2a1115601b35551e
  category: main
  optional: false
- name: ncurses
  version: '6.5'
  manager: conda
  platform: linux-64
  dependencies:
    libgcc-ng: '>=12'
  url: https://conda.anaconda.org/conda-forge/linux-64/ncurses-6.5-h59595ed_0.conda
  hash:
    md5: fcea371545eda051b6deafb24889fc69
    sha256: 4fc3b384f4072b68853a0013ea83bdfd3d66b0126e2238e1d6e1560747aa7586
  category: main
  optional: false
- name: openssl
  version: 3.3.1
  manager: conda
  platform: linux-64
  dependencies:
    __glibc: '>=2.17,<3.0.a0'
    ca-certificates: ''
    libgcc-ng: '>=12'
  url: https://conda.anaconda.org/conda-forge/linux-64/openssl-3.3.1-h4bc722e_2.conda
  hash:
    md5: e1b454497f9f7c1147fdde4b53f1b512
    sha256: b294b3cc706ad1048cdb514f0db3da9f37ae3fcc0c53a7104083dd0918adb200
  category: main
  optional: false
- name: pip
  version: '24.2'
  manager: conda
  platform: linux-64
  dependencies:
    python: '>=3.8'
    setuptools: ''
    wheel: ''
  url: https://conda.anaconda.org/conda-forge/noarch/pip-24.2-pyhd8ed1ab_0.conda
  hash:
    md5: 6721aef6bfe5937abe70181545dd2c51
    sha256: 15b480571a7a4d896aa187648cce99f98bac3926253f028f228d2e9e1cf7c1e1
  category: main
  optional: false
- name: pysocks
  version: 1.7.1
  manager: conda
  platform: linux-64
  dependencies:
    __unix: ''
    python: '>=3.8'
  url: https://conda.anaconda.org/conda-forge/noarch/pysocks-1.7.1-pyha2e5f31_6.tar.bz2
  hash:
    md5: 2a7de29fb590ca14b5243c4c812c8025
    sha256: a42f826e958a8d22e65b3394f437af7332610e43ee313393d1cf143f0a2d274b
  category: main
  optional: false
- name: python
  version: 3.11.3
  manager: conda
  platform: linux-64
  dependencies:
    bzip2: '>=1.0.8,<2.0a0'
    ld_impl_linux-64: '>=2.36.1'
    libexpat: '>=2.5.0,<3.0a0'
    libffi: '>=3.4,<4.0a0'
    libgcc-ng: '>=12'
    libnsl: '>=2.0.0,<2.1.0a0'
    libsqlite: '>=3.40.0,<4.0a0'
    libuuid: '>=2.38.1,<3.0a0'
    libzlib: '>=1.2.13,<2.0.0a0'
    ncurses: '>=6.3,<7.0a0'
    openssl: '>=3.1.0,<4.0a0'
    readline: '>=8.2,<9.0a0'
    tk: '>=8.6.12,<8.7.0a0'
    tzdata: ''
    xz: '>=5.2.6,<6.0a0'
  url: https://conda.anaconda.org/conda-forge/linux-64/python-3.11.3-h2755cc3_0_cpython.conda
  hash:
    md5: 37005ea5f68df6a8a381b70cf4d4a160
    sha256: 5013c65e922895baa6f60fba4ec84ee13b9a53e1fb9aa66804c33f74ea236024
  category: main
  optional: false
- name: python-dateutil
  version: 2.9.0
  manager: conda
  platform: linux-64
  dependencies:
    python: '>=3.7'
    six: '>=1.5'
  url: https://conda.anaconda.org/conda-forge/noarch/python-dateutil-2.9.0-pyhd8ed1ab_0.conda
  hash:
    md5: 2cf4264fffb9e6eff6031c5b6884d61c
    sha256: f3ceef02ac164a8d3a080d0d32f8e2ebe10dd29e3a685d240e38b3599e146320
  category: main
  optional: false
- name: python-dotenv
  version: 1.0.0
  manager: conda
  platform: linux-64
  dependencies:
    python: '>=3.8'
  url: https://conda.anaconda.org/conda-forge/noarch/python-dotenv-1.0.0-pyhd8ed1ab_1.conda
  hash:
    md5: 111e7f9edd31865e2659fa9aad8ec8fd
    sha256: bc5663f224ff6d8a399ec6bd8517e0c0f87a69ead438f82e5ce5c30f00077586
  category: main
  optional: false
- name: python_abi
  version: '3.11'
  manager: conda
  platform: linux-64
  dependencies: {}
  url: https://conda.anaconda.org/conda-forge/linux-64/python_abi-3.11-4_cp311.conda
  hash:
    md5: d786502c97404c94d7d58d258a445a65
    sha256: 0be3ac1bf852d64f553220c7e6457e9c047dfb7412da9d22fbaa67e60858b3cf
  category: main
  optional: false
- name: readline
  version: '8.2'
  manager: conda
  platform: linux-64
  dependencies:
    libgcc-ng: '>=12'
    ncurses: '>=6.3,<7.0a0'
  url: https://conda.anaconda.org/conda-forge/linux-64/readline-8.2-h8228510_1.conda
  hash:
    md5: 47d31b792659ce70f470b5c82fdfb7a4
    sha256: 5435cf39d039387fbdc977b0a762357ea909a7694d9528ab40f005e9208744d7
  category: main
  optional: false
- name: requests
  version: 2.27.1
  manager: conda
  platform: linux-64
  dependencies:
    certifi: '>=2017.4.17'
    charset-normalizer: '>=2.0.0,<2.1'
    idna: '>=2.5,<4'
    python: '>=3.6'
    urllib3: '>=1.21.1,<1.27'
  url: https://conda.anaconda.org/conda-forge/noarch/requests-2.27.1-pyhd8ed1ab_0.tar.bz2
  hash:
    md5: 7c1c427246b057b8fa97200ecdb2ed62
    sha256: 74b8b294cf2b9455a71271f9c3b7f2e7b82da0129cd31e2ae24d68552ad15cd2
  category: main
  optional: false
- name: s3transfer
  version: 0.10.2
  manager: conda
  platform: linux-64
  dependencies:
    botocore: '>=1.33.2,<2.0a.0'
    python: '>=3.8'
  url: https://conda.anaconda.org/conda-forge/noarch/s3transfer-0.10.2-pyhd8ed1ab_0.conda
  hash:
    md5: 80f00f9033aee2358171207746e09ea0
    sha256: aea88a1be4be3d71ebb4c10ecdadcfa852115e9071c36c063fa315319fb25cae
  category: main
  optional: false
- name: schedule
  version: 1.2.2
  manager: conda
  platform: linux-64
  dependencies:
    python: '>=3.6'
  url: https://conda.anaconda.org/conda-forge/noarch/schedule-1.2.2-pyhd8ed1ab_0.conda
  hash:
    md5: b1b3865026220ef34d17743a4f320b9b
    sha256: 8ebb568927eb0a6d5d478d18112ebd023c6133568795747f91b83f31b07d7683
  category: main
  optional: false
- name: setuptools
  version: 72.1.0
  manager: conda
  platform: linux-64
  dependencies:
    python: '>=3.8'
  url: https://conda.anaconda.org/conda-forge/noarch/setuptools-72.1.0-pyhd8ed1ab_0.conda
  hash:
    md5: e06d4c26df4f958a8d38696f2c344d15
    sha256: d239e7f1b1a5617eeadda4e91183592f5a15219e97e16bc721d7b0597ee89a80
  category: main
  optional: false
- name: six
  version: 1.16.0
  manager: conda
  platform: linux-64
  dependencies:
    python: ''
  url: https://conda.anaconda.org/conda-forge/noarch/six-1.16.0-pyh6c4a22f_0.tar.bz2
  hash:
    md5: e5f25f8dbc060e9a8d912e432202afc2
    sha256: a85c38227b446f42c5b90d9b642f2c0567880c15d72492d8da074a59c8f91dd6
  category: main
  optional: false
- name: tk
  version: 8.6.13
  manager: conda
  platform: linux-64
  dependencies:
    libgcc-ng: '>=12'
    libzlib: '>=1.2.13,<2.0.0a0'
  url: https://conda.anaconda.org/conda-forge/linux-64/tk-8.6.13-noxft_h4845f30_101.conda
  hash:
    md5: d453b98d9c83e71da0741bb0ff4d76bc
    sha256: e0569c9caa68bf476bead1bed3d79650bb080b532c64a4af7d8ca286c08dea4e
  category: main
  optional: false
- name: tzdata
  version: 2024a
  manager: conda
  platform: linux-64
  dependencies: {}
  url: https://conda.anaconda.org/conda-forge/noarch/tzdata-2024a-h0c530f3_0.conda
  hash:
    md5: 161081fc7cec0bfda0d86d7cb595f8d8
    sha256: 7b2b69c54ec62a243eb6fba2391b5e443421608c3ae5dbff938ad33ca8db5122
  category: main
  optional: false
- name: urllib3
  version: 1.26.19
  manager: conda
  platform: linux-64
  dependencies:
    brotli-python: '>=1.0.9'
    pysocks: '>=1.5.6,<2.0,!=1.5.7'
    python: '>=3.7'
  url: https://conda.anaconda.org/conda-forge/noarch/urllib3-1.26.19-pyhd8ed1ab_0.conda
  hash:
    md5: 6bb37c314b3cc1515dcf086ffe01c46e
    sha256: 543ebab5241418a4e0d4d9e356ef13e4361504810a067a01481660bb35eb5643
  category: main
  optional: false
- name: wheel
  version: 0.44.0
  manager: conda
  platform: linux-64
  dependencies:
    python: '>=3.8'
  url: https://conda.anaconda.org/conda-forge/noarch/wheel-0.44.0-pyhd8ed1ab_0.conda
  hash:
    md5: d44e3b085abcaef02983c6305b84b584
    sha256: d828764736babb4322b8102094de38074dedfc71f5ff405c9dfee89191c14ebc
  category: main
  optional: false
- name: xz
  version: 5.2.6
  manager: conda
  platform: linux-64
  dependencies:
    libgcc-ng: '>=12'
  url: https://conda.anaconda.org/conda-forge/linux-64/xz-5.2.6-h166bdaf_0.tar.bz2
  hash:
    md5: 2161070d867d1b1204ea749c8eec4ef0
    sha256: 03a6d28ded42af8a347345f82f3eebdd6807a08526d47899a42d62d319609162
  category: main
  optional: false

